
Microsoft Visual Studio Solution File, Format Version 12.00
# Visual Studio Version 17
VisualStudioVersion = 17.0.31903.59
MinimumVisualStudioVersion = 10.0.40219.1
Project("{FAE04EC0-301F-11D3-BF4B-00C04F79EFBC}") = "BuenosFrizados.Domain", "BuenosFrizados.Domain\BuenosFrizados.Domain.csproj", "{6220CC51-B100-4179-8B06-89CE00BFC65B}"
EndProject
Project("{FAE04EC0-301F-11D3-BF4B-00C04F79EFBC}") = "BuenosFrizados.API", "BuenosFrizados.API\BuenosFrizados.API.csproj", "{2D4294F7-000D-4F61-8851-3DD3E65D9A6D}"
EndProject
Project("{FAE04EC0-301F-11D3-BF4B-00C04F79EFBC}") = "BuenosFrizados.Application", "BuenosFrizados.Application\BuenosFrizados.Application.csproj", "{21405A15-B16D-4D2B-9B08-32F727B4A8C4}"
EndProject
Project("{FAE04EC0-301F-11D3-BF4B-00C04F79EFBC}") = "BuenosFrizados.Infrastructure", "BuenosFrizados.Infrastructure\BuenosFrizados.Infrastructure.csproj", "{B960A2EC-F2BF-48E1-B972-BDFD742E246E}"
EndProject
Global
	GlobalSection(SolutionConfigurationPlatforms) = preSolution
		Debug|Any CPU = Debug|Any CPU
		Release|Any CPU = Release|Any CPU
	EndGlobalSection
	GlobalSection(SolutionProperties) = preSolution
		HideSolutionNode = FALSE
	EndGlobalSection
	GlobalSection(ProjectConfigurationPlatforms) = postSolution
		{6220CC51-B100-4179-8B06-89CE00BFC65B}.Debug|Any CPU.ActiveCfg = Debug|Any CPU
		{6220CC51-B100-4179-8B06-89CE00BFC65B}.Debug|Any CPU.Build.0 = Debug|Any CPU
		{6220CC51-B100-4179-8B06-89CE00BFC65B}.Release|Any CPU.ActiveCfg = Release|Any CPU
		{6220CC51-B100-4179-8B06-89CE00BFC65B}.Release|Any CPU.Build.0 = Release|Any CPU
		{2D4294F7-000D-4F61-8851-3DD3E65D9A6D}.Debug|Any CPU.ActiveCfg = Debug|Any CPU
		{2D4294F7-000D-4F61-8851-3DD3E65D9A6D}.Debug|Any CPU.Build.0 = Debug|Any CPU
		{2D4294F7-000D-4F61-8851-3DD3E65D9A6D}.Release|Any CPU.ActiveCfg = Release|Any CPU
		{2D4294F7-000D-4F61-8851-3DD3E65D9A6D}.Release|Any CPU.Build.0 = Release|Any CPU
		{21405A15-B16D-4D2B-9B08-32F727B4A8C4}.Debug|Any CPU.ActiveCfg = Debug|Any CPU
		{21405A15-B16D-4D2B-9B08-32F727B4A8C4}.Debug|Any CPU.Build.0 = Debug|Any CPU
		{21405A15-B16D-4D2B-9B08-32F727B4A8C4}.Release|Any CPU.ActiveCfg = Release|Any CPU
		{21405A15-B16D-4D2B-9B08-32F727B4A8C4}.Release|Any CPU.Build.0 = Release|Any CPU
		{B960A2EC-F2BF-48E1-B972-BDFD742E246E}.Debug|Any CPU.ActiveCfg = Debug|Any CPU
		{B960A2EC-F2BF-48E1-B972-BDFD742E246E}.Debug|Any CPU.Build.0 = Debug|Any CPU
		{B960A2EC-F2BF-48E1-B972-BDFD742E246E}.Release|Any CPU.ActiveCfg = Release|Any CPU
		{B960A2EC-F2BF-48E1-B972-BDFD742E246E}.Release|Any CPU.Build.0 = Release|Any CPU
	EndGlobalSection
EndGlobal
